
Microsoft Visual Studio Solution File, Format Version 12.00
# Visual Studio Version 17
VisualStudioVersion = 17.10.35027.167
MinimumVisualStudioVersion = 10.0.40219.1
Project("{FAE04EC0-301F-11D3-BF4B-00C04F79EFBC}") = "thuctapAPI", "thuctapAPI\thuctapAPI.csproj", "{CE28F5CF-862C-4F6C-B27B-2917767838D4}"
EndProject
Global
	GlobalSection(SolutionConfigurationPlatforms) = preSolution
		Debug|Any CPU = Debug|Any CPU
		Release|Any CPU = Release|Any CPU
	EndGlobalSection
	GlobalSection(ProjectConfigurationPlatforms) = postSolution
		{CE28F5CF-862C-4F6C-B27B-2917767838D4}.Debug|Any CPU.ActiveCfg = Debug|Any CPU
		{CE28F5CF-862C-4F6C-B27B-2917767838D4}.Debug|Any CPU.Build.0 = Debug|Any CPU
		{CE28F5CF-862C-4F6C-B27B-2917767838D4}.Release|Any CPU.ActiveCfg = Release|Any CPU
		{CE28F5CF-862C-4F6C-B27B-2917767838D4}.Release|Any CPU.Build.0 = Release|Any CPU
	EndGlobalSection
	GlobalSection(SolutionProperties) = preSolution
		HideSolutionNode = FALSE
	EndGlobalSection
	GlobalSection(ExtensibilityGlobals) = postSolution
		SolutionGuid = {44466F0A-3276-4A89-A44A-0B6C606FBC3D}
	EndGlobalSection
EndGlobal
